
Microsoft Visual Studio Solution File, Format Version 12.00
# Visual Studio Version 18
VisualStudioVersion = 18.5.11723.231 stable
MinimumVisualStudioVersion = 10.0.40219.1
Project("{FAE04EC0-301F-11D3-BF4B-00C04F79EFBC}") = "TotalCareEngineering", "TotalCareEngineering.csproj", "{289AF310-5138-45A2-BB70-718EDB57000F}"
EndProject
Global
	GlobalSection(SolutionConfigurationPlatforms) = preSolution
		Debug|Any CPU = Debug|Any CPU
		Release|Any CPU = Release|Any CPU
	EndGlobalSection
	GlobalSection(ProjectConfigurationPlatforms) = postSolution
		{289AF310-5138-45A2-BB70-718EDB57000F}.Debug|Any CPU.ActiveCfg = Debug|Any CPU
		{289AF310-5138-45A2-BB70-718EDB57000F}.Debug|Any CPU.Build.0 = Debug|Any CPU
		{289AF310-5138-45A2-BB70-718EDB57000F}.Release|Any CPU.ActiveCfg = Release|Any CPU
		{289AF310-5138-45A2-BB70-718EDB57000F}.Release|Any CPU.Build.0 = Release|Any CPU
	EndGlobalSection
	GlobalSection(SolutionProperties) = preSolution
		HideSolutionNode = FALSE
	EndGlobalSection
	GlobalSection(ExtensibilityGlobals) = postSolution
		SolutionGuid = {31B2857B-AFF9-43E8-BF73-213BC6F5FEED}
	EndGlobalSection
EndGlobal
